{
  "version": 4,
  "terraform_version": "1.5.6",
  "serial": 3,
  "lineage": "27967ff7-87ba-f5a3-c138-22b48f066d90",
  "outputs": {},
  "resources": [
    {
      "mode": "managed",
      "type": "google_app_engine_application",
      "name": "app",
      "provider": "provider[\"registry.terraform.io/hashicorp/google\"]",
      "instances": [
        {
          "schema_version": 0,
          "attributes": {
            "app_id": "prueba-398920",
            "auth_domain": "gmail.com",
            "code_bucket": "staging.prueba-398920.appspot.com",
            "database_type": "CLOUD_DATASTORE_COMPATIBILITY",
            "default_bucket": "prueba-398920.appspot.com",
            "default_hostname": "prueba-398920.uc.r.appspot.com",
            "feature_settings": [
              {
                "split_health_checks": true
              }
            ],
            "gcr_domain": "us.gcr.io",
            "iap": [],
            "id": "prueba-398920",
            "location_id": "us-central",
            "name": "apps/prueba-398920",
            "project": "prueba-398920",
            "serving_status": "SERVING",
            "timeouts": null,
            "url_dispatch_rule": []
          },
          "sensitive_attributes": [],
          "private": "eyJlMmJmYjczMC1lY2FhLTExZTYtOGY4OC0zNDM2M2JjN2M0YzAiOnsiY3JlYXRlIjoyNDAwMDAwMDAwMDAsInVwZGF0ZSI6MjQwMDAwMDAwMDAwfX0="
        }
      ]
    },
    {
      "mode": "managed",
      "type": "google_endpoints_service",
      "name": "openapi_service",
      "provider": "provider[\"registry.terraform.io/hashicorp/google\"]",
      "instances": [
        {
          "schema_version": 1,
          "attributes": {
            "apis": [
              {
                "methods": [
                  {
                    "name": "GetGreeting",
                    "request_type": "type.googleapis.com/google.protobuf.Empty",
                    "response_type": "type.googleapis.com/google.protobuf.Value",
                    "syntax": ""
                  }
                ],
                "name": "1.api_name_endpoints_prueba_398920_cloud_goog",
                "syntax": "",
                "version": "1.0.0"
              }
            ],
            "config_id": "2023-09-13r0",
            "dns_address": "api-name.endpoints.prueba-398920.cloud.goog",
            "endpoints": [
              {
                "address": "",
                "name": "api-name.endpoints.prueba-398920.cloud.goog"
              }
            ],
            "grpc_config": null,
            "id": "api-name.endpoints.prueba-398920.cloud.goog",
            "openapi_config": "swagger: \"2.0\"\ninfo:\n  version: 1.0.0\n  title: API Express Swagger 2.0\n  description: Simple API with Express using Swagger 2.0\nhost: api-name.endpoints.prueba-398920.cloud.goog\nschemes:\n  - http\npaths:\n  /:\n    get:\n      summary: Get greeting\n      description: Returns a greeting \"Hello World!\"\n      operationId: getGreeting\n      responses:\n        200:\n          description: Successful response\n          schema:\n            type: string",
            "project": "prueba-398920",
            "protoc_output_base64": null,
            "service_name": "api-name.endpoints.prueba-398920.cloud.goog",
            "timeouts": null
          },
          "sensitive_attributes": [],
          "private": "eyJlMmJmYjczMC1lY2FhLTExZTYtOGY4OC0zNDM2M2JjN2M0YzAiOnsiY3JlYXRlIjo2MDAwMDAwMDAwMDAsImRlbGV0ZSI6NjAwMDAwMDAwMDAwLCJ1cGRhdGUiOjYwMDAwMDAwMDAwMH0sInNjaGVtYV92ZXJzaW9uIjoiMSJ9"
        }
      ]
    }
  ],
  "check_results": null
}
